
Microsoft Visual Studio Solution File, Format Version 12.00
# Visual Studio Version 17
VisualStudioVersion = 17.7.34009.444
MinimumVisualStudioVersion = 10.0.40219.1
Project("{9A19103F-16F7-4668-BE54-9A1E7A4F7556}") = "DbDemo", "DbDemo\DbDemo.csproj", "{58E52BC3-2B68-4700-946A-54C08F6BE732}"
EndProject
Project("{9A19103F-16F7-4668-BE54-9A1E7A4F7556}") = "MqDemo", "MqDemo\MqDemo.csproj", "{0793CF75-D5E9-4708-8EDE-6EE2C1F70B04}"
EndProject
Project("{9A19103F-16F7-4668-BE54-9A1E7A4F7556}") = "ApolloDemo", "ApolloDemo\ApolloDemo.csproj", "{D7FE2C98-3A41-4155-8803-5D20D25F912F}"
EndProject
Project("{9A19103F-16F7-4668-BE54-9A1E7A4F7556}") = "EvalDemo", "EvalDemo\EvalDemo.csproj", "{BBC14304-83FF-461E-BF19-FE1682247198}"
EndProject
Project("{2150E333-8FDC-42A3-9474-1A3956D46DE8}") = ".nuget", ".nuget", "{68B9FF0B-AAC5-486B-A91A-8B71C8B8AC17}"
	ProjectSection(SolutionItems) = preProject
		nuget.config = nuget.config
	EndProjectSection
EndProject
Project("{2150E333-8FDC-42A3-9474-1A3956D46DE8}") = "NugetDemo", "NugetDemo", "{87107441-3B1E-4562-AC2A-9184FE1A2B39}"
EndProject
Project("{9A19103F-16F7-4668-BE54-9A1E7A4F7556}") = "Devops.Common.EvalSDK", "NugetDemo\Devops.Common.EvalSDK\Devops.Common.EvalSDK.csproj", "{F404D2A8-A755-4BB4-A7CF-07CED6D4A1C9}"
EndProject
Project("{2150E333-8FDC-42A3-9474-1A3956D46DE8}") = "pack", "pack", "{DDE8AFDD-0701-4D07-A8F7-6CB775139FFA}"
	ProjectSection(SolutionItems) = preProject
		NugetDemo\pack\Devops.Common.EvalSDK.nuspec = NugetDemo\pack\Devops.Common.EvalSDK.nuspec
		NugetDemo\pack\pack.bat = NugetDemo\pack\pack.bat
		NugetDemo\pack\pack.sh = NugetDemo\pack\pack.sh
	EndProjectSection
EndProject
Project("{FAE04EC0-301F-11D3-BF4B-00C04F79EFBC}") = "Devops.ReSDK", "NugetDemo\Devops.ReSDK\Devops.ReSDK.csproj", "{0CC3B3F2-B247-43BF-B4AD-26C38EF643CC}"
EndProject
Global
	GlobalSection(SolutionConfigurationPlatforms) = preSolution
		Debug|Any CPU = Debug|Any CPU
		Release|Any CPU = Release|Any CPU
	EndGlobalSection
	GlobalSection(ProjectConfigurationPlatforms) = postSolution
		{58E52BC3-2B68-4700-946A-54C08F6BE732}.Debug|Any CPU.ActiveCfg = Debug|Any CPU
		{58E52BC3-2B68-4700-946A-54C08F6BE732}.Debug|Any CPU.Build.0 = Debug|Any CPU
		{58E52BC3-2B68-4700-946A-54C08F6BE732}.Release|Any CPU.ActiveCfg = Release|Any CPU
		{58E52BC3-2B68-4700-946A-54C08F6BE732}.Release|Any CPU.Build.0 = Release|Any CPU
		{0793CF75-D5E9-4708-8EDE-6EE2C1F70B04}.Debug|Any CPU.ActiveCfg = Debug|Any CPU
		{0793CF75-D5E9-4708-8EDE-6EE2C1F70B04}.Debug|Any CPU.Build.0 = Debug|Any CPU
		{0793CF75-D5E9-4708-8EDE-6EE2C1F70B04}.Release|Any CPU.ActiveCfg = Release|Any CPU
		{0793CF75-D5E9-4708-8EDE-6EE2C1F70B04}.Release|Any CPU.Build.0 = Release|Any CPU
		{D7FE2C98-3A41-4155-8803-5D20D25F912F}.Debug|Any CPU.ActiveCfg = Debug|Any CPU
		{D7FE2C98-3A41-4155-8803-5D20D25F912F}.Debug|Any CPU.Build.0 = Debug|Any CPU
		{D7FE2C98-3A41-4155-8803-5D20D25F912F}.Release|Any CPU.ActiveCfg = Release|Any CPU
		{D7FE2C98-3A41-4155-8803-5D20D25F912F}.Release|Any CPU.Build.0 = Release|Any CPU
		{BBC14304-83FF-461E-BF19-FE1682247198}.Debug|Any CPU.ActiveCfg = Debug|Any CPU
		{BBC14304-83FF-461E-BF19-FE1682247198}.Debug|Any CPU.Build.0 = Debug|Any CPU
		{BBC14304-83FF-461E-BF19-FE1682247198}.Release|Any CPU.ActiveCfg = Release|Any CPU
		{BBC14304-83FF-461E-BF19-FE1682247198}.Release|Any CPU.Build.0 = Release|Any CPU
		{F404D2A8-A755-4BB4-A7CF-07CED6D4A1C9}.Debug|Any CPU.ActiveCfg = Debug|Any CPU
		{F404D2A8-A755-4BB4-A7CF-07CED6D4A1C9}.Debug|Any CPU.Build.0 = Debug|Any CPU
		{F404D2A8-A755-4BB4-A7CF-07CED6D4A1C9}.Release|Any CPU.ActiveCfg = Release|Any CPU
		{F404D2A8-A755-4BB4-A7CF-07CED6D4A1C9}.Release|Any CPU.Build.0 = Release|Any CPU
		{0CC3B3F2-B247-43BF-B4AD-26C38EF643CC}.Debug|Any CPU.ActiveCfg = Debug|Any CPU
		{0CC3B3F2-B247-43BF-B4AD-26C38EF643CC}.Debug|Any CPU.Build.0 = Debug|Any CPU
		{0CC3B3F2-B247-43BF-B4AD-26C38EF643CC}.Release|Any CPU.ActiveCfg = Release|Any CPU
		{0CC3B3F2-B247-43BF-B4AD-26C38EF643CC}.Release|Any CPU.Build.0 = Release|Any CPU
	EndGlobalSection
	GlobalSection(SolutionProperties) = preSolution
		HideSolutionNode = FALSE
	EndGlobalSection
	GlobalSection(NestedProjects) = preSolution
		{F404D2A8-A755-4BB4-A7CF-07CED6D4A1C9} = {87107441-3B1E-4562-AC2A-9184FE1A2B39}
		{DDE8AFDD-0701-4D07-A8F7-6CB775139FFA} = {87107441-3B1E-4562-AC2A-9184FE1A2B39}
		{0CC3B3F2-B247-43BF-B4AD-26C38EF643CC} = {87107441-3B1E-4562-AC2A-9184FE1A2B39}
	EndGlobalSection
	GlobalSection(ExtensibilityGlobals) = postSolution
		SolutionGuid = {1D1A8CA6-16EC-4BF4-8B5F-6F9B27042E60}
	EndGlobalSection
EndGlobal
