
Microsoft Visual Studio Solution File, Format Version 12.00
# Visual Studio Version 17
VisualStudioVersion = 17.7.34009.444
MinimumVisualStudioVersion = 10.0.40219.1
Project("{9A19103F-16F7-4668-BE54-9A1E7A4F7556}") = "DbDemo", "DbDemo\DbDemo.csproj", "{58E52BC3-2B68-4700-946A-54C08F6BE732}"
EndProject
Project("{9A19103F-16F7-4668-BE54-9A1E7A4F7556}") = "MqDemo", "MqDemo\MqDemo.csproj", "{0793CF75-D5E9-4708-8EDE-6EE2C1F70B04}"
EndProject
Project("{9A19103F-16F7-4668-BE54-9A1E7A4F7556}") = "ApolloDemo", "ApolloDemo\ApolloDemo.csproj", "{D7FE2C98-3A41-4155-8803-5D20D25F912F}"
EndProject
Project("{FAE04EC0-301F-11D3-BF4B-00C04F79EFBC}") = "EvalDemo", "EvalDemo\EvalDemo.csproj", "{BBC14304-83FF-461E-BF19-FE1682247198}"
EndProject
Global
	GlobalSection(SolutionConfigurationPlatforms) = preSolution
		Debug|Any CPU = Debug|Any CPU
		Release|Any CPU = Release|Any CPU
	EndGlobalSection
	GlobalSection(ProjectConfigurationPlatforms) = postSolution
		{58E52BC3-2B68-4700-946A-54C08F6BE732}.Debug|Any CPU.ActiveCfg = Debug|Any CPU
		{58E52BC3-2B68-4700-946A-54C08F6BE732}.Debug|Any CPU.Build.0 = Debug|Any CPU
		{58E52BC3-2B68-4700-946A-54C08F6BE732}.Release|Any CPU.ActiveCfg = Release|Any CPU
		{58E52BC3-2B68-4700-946A-54C08F6BE732}.Release|Any CPU.Build.0 = Release|Any CPU
		{0793CF75-D5E9-4708-8EDE-6EE2C1F70B04}.Debug|Any CPU.ActiveCfg = Debug|Any CPU
		{0793CF75-D5E9-4708-8EDE-6EE2C1F70B04}.Debug|Any CPU.Build.0 = Debug|Any CPU
		{0793CF75-D5E9-4708-8EDE-6EE2C1F70B04}.Release|Any CPU.ActiveCfg = Release|Any CPU
		{0793CF75-D5E9-4708-8EDE-6EE2C1F70B04}.Release|Any CPU.Build.0 = Release|Any CPU
		{D7FE2C98-3A41-4155-8803-5D20D25F912F}.Debug|Any CPU.ActiveCfg = Debug|Any CPU
		{D7FE2C98-3A41-4155-8803-5D20D25F912F}.Debug|Any CPU.Build.0 = Debug|Any CPU
		{D7FE2C98-3A41-4155-8803-5D20D25F912F}.Release|Any CPU.ActiveCfg = Release|Any CPU
		{D7FE2C98-3A41-4155-8803-5D20D25F912F}.Release|Any CPU.Build.0 = Release|Any CPU
		{BBC14304-83FF-461E-BF19-FE1682247198}.Debug|Any CPU.ActiveCfg = Debug|Any CPU
		{BBC14304-83FF-461E-BF19-FE1682247198}.Debug|Any CPU.Build.0 = Debug|Any CPU
		{BBC14304-83FF-461E-BF19-FE1682247198}.Release|Any CPU.ActiveCfg = Release|Any CPU
		{BBC14304-83FF-461E-BF19-FE1682247198}.Release|Any CPU.Build.0 = Release|Any CPU
	EndGlobalSection
	GlobalSection(SolutionProperties) = preSolution
		HideSolutionNode = FALSE
	EndGlobalSection
	GlobalSection(ExtensibilityGlobals) = postSolution
		SolutionGuid = {1D1A8CA6-16EC-4BF4-8B5F-6F9B27042E60}
	EndGlobalSection
EndGlobal
